
Microsoft Visual Studio Solution File, Format Version 12.00
# Visual Studio 15
VisualStudioVersion = 15.0.27703.2035
MinimumVisualStudioVersion = 10.0.40219.1
Project("{FAE04EC0-301F-11D3-BF4B-00C04F79EFBC}") = "GameTest", "GameTest\GameTest.csproj", "{7F5331E7-A64C-458A-900F-ED40C7A895B4}"
EndProject
Project("{FAE04EC0-301F-11D3-BF4B-00C04F79EFBC}") = "Engine", "Engine\Engine.csproj", "{2229EE22-A645-4307-B7B4-1FB496858094}"
EndProject
Global
	GlobalSection(SolutionConfigurationPlatforms) = preSolution
		Debug|Any CPU = Debug|Any CPU
		Release|Any CPU = Release|Any CPU
	EndGlobalSection
	GlobalSection(ProjectConfigurationPlatforms) = postSolution
		{7F5331E7-A64C-458A-900F-ED40C7A895B4}.Debug|Any CPU.ActiveCfg = Debug|Any CPU
		{7F5331E7-A64C-458A-900F-ED40C7A895B4}.Debug|Any CPU.Build.0 = Debug|Any CPU
		{7F5331E7-A64C-458A-900F-ED40C7A895B4}.Release|Any CPU.ActiveCfg = Release|Any CPU
		{7F5331E7-A64C-458A-900F-ED40C7A895B4}.Release|Any CPU.Build.0 = Release|Any CPU
		{2229EE22-A645-4307-B7B4-1FB496858094}.Debug|Any CPU.ActiveCfg = Debug|Any CPU
		{2229EE22-A645-4307-B7B4-1FB496858094}.Debug|Any CPU.Build.0 = Debug|Any CPU
		{2229EE22-A645-4307-B7B4-1FB496858094}.Release|Any CPU.ActiveCfg = Release|Any CPU
		{2229EE22-A645-4307-B7B4-1FB496858094}.Release|Any CPU.Build.0 = Release|Any CPU
	EndGlobalSection
	GlobalSection(SolutionProperties) = preSolution
		HideSolutionNode = FALSE
	EndGlobalSection
	GlobalSection(ExtensibilityGlobals) = postSolution
		SolutionGuid = {F805C78F-530F-48F0-8F6B-7A16AD0FA6AE}
	EndGlobalSection
EndGlobal
